// !$*UTF8*$!
{
	archiveVersion = 1;
	classes = {
	};
	objectVersion = 56;
	objects = {

/* Begin PBXBuildFile section */
		780753C62C93869400C25231 /* ChemistryEquationsApp.swift in Sources */ = {isa = PBXBuildFile; fileRef = 780753C52C93869400C25231 /* ChemistryEquationsApp.swift */; };
		780753C82C93869400C25231 /* ContentView.swift in Sources */ = {isa = PBXBuildFile; fileRef = 780753C72C93869400C25231 /* ContentView.swift */; };
		780753CA2C93869500C25231 /* Assets.xcassets in Resources */ = {isa = PBXBuildFile; fileRef = 780753C92C93869500C25231 /* Assets.xcassets */; };
		780753CD2C93869500C25231 /* Preview Assets.xcassets in Resources */ = {isa = PBXBuildFile; fileRef = 780753CC2C93869500C25231 /* Preview Assets.xcassets */; };
		780E2D062C9D148000B62B4E /* ChemistryEquationsBackbone in Frameworks */ = {isa = PBXBuildFile; productRef = 780E2D052C9D148000B62B4E /* ChemistryEquationsBackbone */; };
		780E2D092C9F6F7200B62B4E /* LaTeXSwiftUI in Frameworks */ = {isa = PBXBuildFile; productRef = 780E2D082C9F6F7200B62B4E /* LaTeXSwiftUI */; };
		780E2D0C2C9F9E4600B62B4E /* RoundedBorderView.swift in Sources */ = {isa = PBXBuildFile; fileRef = 780E2D0B2C9F9E4600B62B4E /* RoundedBorderView.swift */; };
		780E2D0F2C9F9EB400B62B4E /* HomeScreenEquationButton.swift in Sources */ = {isa = PBXBuildFile; fileRef = 780E2D0E2C9F9EB400B62B4E /* HomeScreenEquationButton.swift */; };
		780E2D112C9FA02700B62B4E /* SettingsInAppPurchases.swift in Sources */ = {isa = PBXBuildFile; fileRef = 780E2D102C9FA02700B62B4E /* SettingsInAppPurchases.swift */; };
		780E2D142C9FA33A00B62B4E /* EquationScreen.swift in Sources */ = {isa = PBXBuildFile; fileRef = 780E2D132C9FA33A00B62B4E /* EquationScreen.swift */; };
		780E2D162C9FA54600B62B4E /* HomeScreen.swift in Sources */ = {isa = PBXBuildFile; fileRef = 780E2D152C9FA54600B62B4E /* HomeScreen.swift */; };
		780E2D182C9FA57F00B62B4E /* EquationTabView.swift in Sources */ = {isa = PBXBuildFile; fileRef = 780E2D172C9FA57F00B62B4E /* EquationTabView.swift */; };
		780E2D1A2C9FA5AB00B62B4E /* EquationDescriptionScreen.swift in Sources */ = {isa = PBXBuildFile; fileRef = 780E2D192C9FA5AB00B62B4E /* EquationDescriptionScreen.swift */; };
		780E2D1C2C9FA5BF00B62B4E /* SettingsScreen.swift in Sources */ = {isa = PBXBuildFile; fileRef = 780E2D1B2C9FA5BF00B62B4E /* SettingsScreen.swift */; };
		780E2D1E2CA0610D00B62B4E /* Storekit.swift in Sources */ = {isa = PBXBuildFile; fileRef = 780E2D1D2CA0610D00B62B4E /* Storekit.swift */; };
/* End PBXBuildFile section */

/* Begin PBXFileReference section */
		780753C22C93869400C25231 /* ChemistryEquations.app */ = {isa = PBXFileReference; explicitFileType = wrapper.application; includeInIndex = 0; path = ChemistryEquations.app; sourceTree = BUILT_PRODUCTS_DIR; };
		780753C52C93869400C25231 /* ChemistryEquationsApp.swift */ = {isa = PBXFileReference; lastKnownFileType = sourcecode.swift; path = ChemistryEquationsApp.swift; sourceTree = "<group>"; };
		780753C72C93869400C25231 /* ContentView.swift */ = {isa = PBXFileReference; lastKnownFileType = sourcecode.swift; path = ContentView.swift; sourceTree = "<group>"; };
		780753C92C93869500C25231 /* Assets.xcassets */ = {isa = PBXFileReference; lastKnownFileType = folder.assetcatalog; path = Assets.xcassets; sourceTree = "<group>"; };
		780753CC2C93869500C25231 /* Preview Assets.xcassets */ = {isa = PBXFileReference; lastKnownFileType = folder.assetcatalog; path = "Preview Assets.xcassets"; sourceTree = "<group>"; };
		780753DB2C9388B200C25231 /* ChemistryEquations-Bridging-Header.h */ = {isa = PBXFileReference; lastKnownFileType = sourcecode.c.h; path = "ChemistryEquations-Bridging-Header.h"; sourceTree = "<group>"; };
		780E2D0B2C9F9E4600B62B4E /* RoundedBorderView.swift */ = {isa = PBXFileReference; lastKnownFileType = sourcecode.swift; path = RoundedBorderView.swift; sourceTree = "<group>"; };
		780E2D0E2C9F9EB400B62B4E /* HomeScreenEquationButton.swift */ = {isa = PBXFileReference; lastKnownFileType = sourcecode.swift; path = HomeScreenEquationButton.swift; sourceTree = "<group>"; };
		780E2D102C9FA02700B62B4E /* SettingsInAppPurchases.swift */ = {isa = PBXFileReference; lastKnownFileType = sourcecode.swift; path = SettingsInAppPurchases.swift; sourceTree = "<group>"; };
		780E2D132C9FA33A00B62B4E /* EquationScreen.swift */ = {isa = PBXFileReference; lastKnownFileType = sourcecode.swift; path = EquationScreen.swift; sourceTree = "<group>"; };
		780E2D152C9FA54600B62B4E /* HomeScreen.swift */ = {isa = PBXFileReference; lastKnownFileType = sourcecode.swift; path = HomeScreen.swift; sourceTree = "<group>"; };
		780E2D172C9FA57F00B62B4E /* EquationTabView.swift */ = {isa = PBXFileReference; lastKnownFileType = sourcecode.swift; path = EquationTabView.swift; sourceTree = "<group>"; };
		780E2D192C9FA5AB00B62B4E /* EquationDescriptionScreen.swift */ = {isa = PBXFileReference; lastKnownFileType = sourcecode.swift; path = EquationDescriptionScreen.swift; sourceTree = "<group>"; };
		780E2D1B2C9FA5BF00B62B4E /* SettingsScreen.swift */ = {isa = PBXFileReference; lastKnownFileType = sourcecode.swift; path = SettingsScreen.swift; sourceTree = "<group>"; };
		780E2D1D2CA0610D00B62B4E /* Storekit.swift */ = {isa = PBXFileReference; lastKnownFileType = sourcecode.swift; path = Storekit.swift; sourceTree = "<group>"; };
/* End PBXFileReference section */

/* Begin PBXFrameworksBuildPhase section */
		780753BF2C93869400C25231 /* Frameworks */ = {
			isa = PBXFrameworksBuildPhase;
			buildActionMask = 2147483647;
			files = (
				780E2D062C9D148000B62B4E /* ChemistryEquationsBackbone in Frameworks */,
				780E2D092C9F6F7200B62B4E /* LaTeXSwiftUI in Frameworks */,
			);
			runOnlyForDeploymentPostprocessing = 0;
		};
/* End PBXFrameworksBuildPhase section */

/* Begin PBXGroup section */
		780753B92C93869400C25231 = {
			isa = PBXGroup;
			children = (
				780753C42C93869400C25231 /* ChemistryEquations */,
				780753C32C93869400C25231 /* Products */,
				780753D32C9386D000C25231 /* Frameworks */,
				780753DB2C9388B200C25231 /* ChemistryEquations-Bridging-Header.h */,
			);
			sourceTree = "<group>";
		};
		780753C32C93869400C25231 /* Products */ = {
			isa = PBXGroup;
			children = (
				780753C22C93869400C25231 /* ChemistryEquations.app */,
			);
			name = Products;
			sourceTree = "<group>";
		};
		780753C42C93869400C25231 /* ChemistryEquations */ = {
			isa = PBXGroup;
			children = (
				780E2D122C9FA32E00B62B4E /* Screens */,
				780E2D0D2C9F9E9C00B62B4E /* Components */,
				780E2D0A2C9F9E3000B62B4E /* Modifiers */,
				780753C52C93869400C25231 /* ChemistryEquationsApp.swift */,
				780753C72C93869400C25231 /* ContentView.swift */,
				780753C92C93869500C25231 /* Assets.xcassets */,
				780753CB2C93869500C25231 /* Preview Content */,
				780E2D1D2CA0610D00B62B4E /* Storekit.swift */,
			);
			path = ChemistryEquations;
			sourceTree = "<group>";
		};
		780753CB2C93869500C25231 /* Preview Content */ = {
			isa = PBXGroup;
			children = (
				780753CC2C93869500C25231 /* Preview Assets.xcassets */,
			);
			path = "Preview Content";
			sourceTree = "<group>";
		};
		780753D32C9386D000C25231 /* Frameworks */ = {
			isa = PBXGroup;
			children = (
			);
			name = Frameworks;
			sourceTree = "<group>";
		};
		780E2D0A2C9F9E3000B62B4E /* Modifiers */ = {
			isa = PBXGroup;
			children = (
				780E2D0B2C9F9E4600B62B4E /* RoundedBorderView.swift */,
			);
			path = Modifiers;
			sourceTree = "<group>";
		};
		780E2D0D2C9F9E9C00B62B4E /* Components */ = {
			isa = PBXGroup;
			children = (
				780E2D0E2C9F9EB400B62B4E /* HomeScreenEquationButton.swift */,
				780E2D102C9FA02700B62B4E /* SettingsInAppPurchases.swift */,
			);
			path = Components;
			sourceTree = "<group>";
		};
		780E2D122C9FA32E00B62B4E /* Screens */ = {
			isa = PBXGroup;
			children = (
				780E2D132C9FA33A00B62B4E /* EquationScreen.swift */,
				780E2D152C9FA54600B62B4E /* HomeScreen.swift */,
				780E2D172C9FA57F00B62B4E /* EquationTabView.swift */,
				780E2D192C9FA5AB00B62B4E /* EquationDescriptionScreen.swift */,
				780E2D1B2C9FA5BF00B62B4E /* SettingsScreen.swift */,
			);
			path = Screens;
			sourceTree = "<group>";
		};
/* End PBXGroup section */

/* Begin PBXNativeTarget section */
		780753C12C93869400C25231 /* ChemistryEquations */ = {
			isa = PBXNativeTarget;
			buildConfigurationList = 780753D02C93869500C25231 /* Build configuration list for PBXNativeTarget "ChemistryEquations" */;
			buildPhases = (
				780753BE2C93869400C25231 /* Sources */,
				780753BF2C93869400C25231 /* Frameworks */,
				780753C02C93869400C25231 /* Resources */,
			);
			buildRules = (
			);
			dependencies = (
			);
			name = ChemistryEquations;
			packageProductDependencies = (
				780E2D052C9D148000B62B4E /* ChemistryEquationsBackbone */,
				780E2D082C9F6F7200B62B4E /* LaTeXSwiftUI */,
			);
			productName = ChemistryEquations;
			productReference = 780753C22C93869400C25231 /* ChemistryEquations.app */;
			productType = "com.apple.product-type.application";
		};
/* End PBXNativeTarget section */

/* Begin PBXProject section */
		780753BA2C93869400C25231 /* Project object */ = {
			isa = PBXProject;
			attributes = {
				BuildIndependentTargetsInParallel = 1;
				LastSwiftUpdateCheck = 1540;
				LastUpgradeCheck = 1540;
				TargetAttributes = {
					780753C12C93869400C25231 = {
						CreatedOnToolsVersion = 15.4;
						LastSwiftMigration = 1540;
					};
				};
			};
			buildConfigurationList = 780753BD2C93869400C25231 /* Build configuration list for PBXProject "ChemistryEquations" */;
			compatibilityVersion = "Xcode 14.0";
			developmentRegion = en;
			hasScannedForEncodings = 0;
			knownRegions = (
				en,
				Base,
			);
			mainGroup = 780753B92C93869400C25231;
			packageReferences = (
				780E2D042C9D148000B62B4E /* XCRemoteSwiftPackageReference "chemistry-equations-backbone-spm" */,
				780E2D072C9F6F7100B62B4E /* XCRemoteSwiftPackageReference "LaTeXSwiftUI" */,
			);
			productRefGroup = 780753C32C93869400C25231 /* Products */;
			projectDirPath = "";
			projectRoot = "";
			targets = (
				780753C12C93869400C25231 /* ChemistryEquations */,
			);
		};
/* End PBXProject section */

/* Begin PBXResourcesBuildPhase section */
		780753C02C93869400C25231 /* Resources */ = {
			isa = PBXResourcesBuildPhase;
			buildActionMask = 2147483647;
			files = (
				780753CD2C93869500C25231 /* Preview Assets.xcassets in Resources */,
				780753CA2C93869500C25231 /* Assets.xcassets in Resources */,
			);
			runOnlyForDeploymentPostprocessing = 0;
		};
/* End PBXResourcesBuildPhase section */

/* Begin PBXSourcesBuildPhase section */
		780753BE2C93869400C25231 /* Sources */ = {
			isa = PBXSourcesBuildPhase;
			buildActionMask = 2147483647;
			files = (
				780E2D182C9FA57F00B62B4E /* EquationTabView.swift in Sources */,
				780E2D112C9FA02700B62B4E /* SettingsInAppPurchases.swift in Sources */,
				780E2D0F2C9F9EB400B62B4E /* HomeScreenEquationButton.swift in Sources */,
				780E2D162C9FA54600B62B4E /* HomeScreen.swift in Sources */,
				780E2D1E2CA0610D00B62B4E /* Storekit.swift in Sources */,
				780753C82C93869400C25231 /* ContentView.swift in Sources */,
				780E2D0C2C9F9E4600B62B4E /* RoundedBorderView.swift in Sources */,
				780E2D1A2C9FA5AB00B62B4E /* EquationDescriptionScreen.swift in Sources */,
				780753C62C93869400C25231 /* ChemistryEquationsApp.swift in Sources */,
				780E2D1C2C9FA5BF00B62B4E /* SettingsScreen.swift in Sources */,
				780E2D142C9FA33A00B62B4E /* EquationScreen.swift in Sources */,
			);
			runOnlyForDeploymentPostprocessing = 0;
		};
/* End PBXSourcesBuildPhase section */

/* Begin XCBuildConfiguration section */
		780753CE2C93869500C25231 /* Debug */ = {
			isa = XCBuildConfiguration;
			buildSettings = {
				ALWAYS_SEARCH_USER_PATHS = NO;
				ASSETCATALOG_COMPILER_GENERATE_SWIFT_ASSET_SYMBOL_EXTENSIONS = YES;
				CLANG_ANALYZER_NONNULL = YES;
				CLANG_ANALYZER_NUMBER_OBJECT_CONVERSION = YES_AGGRESSIVE;
				CLANG_CXX_LANGUAGE_STANDARD = "gnu++20";
				CLANG_ENABLE_MODULES = YES;
				CLANG_ENABLE_OBJC_ARC = YES;
				CLANG_ENABLE_OBJC_WEAK = YES;
				CLANG_WARN_BLOCK_CAPTURE_AUTORELEASING = YES;
				CLANG_WARN_BOOL_CONVERSION = YES;
				CLANG_WARN_COMMA = YES;
				CLANG_WARN_CONSTANT_CONVERSION = YES;
				CLANG_WARN_DEPRECATED_OBJC_IMPLEMENTATIONS = YES;
				CLANG_WARN_DIRECT_OBJC_ISA_USAGE = YES_ERROR;
				CLANG_WARN_DOCUMENTATION_COMMENTS = YES;
				CLANG_WARN_EMPTY_BODY = YES;
				CLANG_WARN_ENUM_CONVERSION = YES;
				CLANG_WARN_INFINITE_RECURSION = YES;
				CLANG_WARN_INT_CONVERSION = YES;
				CLANG_WARN_NON_LITERAL_NULL_CONVERSION = YES;
				CLANG_WARN_OBJC_IMPLICIT_RETAIN_SELF = YES;
				CLANG_WARN_OBJC_LITERAL_CONVERSION = YES;
				CLANG_WARN_OBJC_ROOT_CLASS = YES_ERROR;
				CLANG_WARN_QUOTED_INCLUDE_IN_FRAMEWORK_HEADER = YES;
				CLANG_WARN_RANGE_LOOP_ANALYSIS = YES;
				CLANG_WARN_STRICT_PROTOTYPES = YES;
				CLANG_WARN_SUSPICIOUS_MOVE = YES;
				CLANG_WARN_UNGUARDED_AVAILABILITY = YES_AGGRESSIVE;
				CLANG_WARN_UNREACHABLE_CODE = YES;
				CLANG_WARN__DUPLICATE_METHOD_MATCH = YES;
				COPY_PHASE_STRIP = NO;
				DEBUG_INFORMATION_FORMAT = dwarf;
				ENABLE_STRICT_OBJC_MSGSEND = YES;
				ENABLE_TESTABILITY = YES;
				ENABLE_USER_SCRIPT_SANDBOXING = YES;
				GCC_C_LANGUAGE_STANDARD = gnu17;
				GCC_DYNAMIC_NO_PIC = NO;
				GCC_NO_COMMON_BLOCKS = YES;
				GCC_OPTIMIZATION_LEVEL = 0;
				GCC_PREPROCESSOR_DEFINITIONS = (
					"DEBUG=1",
					"$(inherited)",
				);
				GCC_WARN_64_TO_32_BIT_CONVERSION = YES;
				GCC_WARN_ABOUT_RETURN_TYPE = YES_ERROR;
				GCC_WARN_UNDECLARED_SELECTOR = YES;
				GCC_WARN_UNINITIALIZED_AUTOS = YES_AGGRESSIVE;
				GCC_WARN_UNUSED_FUNCTION = YES;
				GCC_WARN_UNUSED_VARIABLE = YES;
				IPHONEOS_DEPLOYMENT_TARGET = 17.5;
				LOCALIZATION_PREFERS_STRING_CATALOGS = YES;
				MTL_ENABLE_DEBUG_INFO = INCLUDE_SOURCE;
				MTL_FAST_MATH = YES;
				ONLY_ACTIVE_ARCH = YES;
				SDKROOT = iphoneos;
				SWIFT_ACTIVE_COMPILATION_CONDITIONS = "DEBUG $(inherited)";
				SWIFT_OPTIMIZATION_LEVEL = "-Onone";
			};
			name = Debug;
		};
		780753CF2C93869500C25231 /* Release */ = {
			isa = XCBuildConfiguration;
			buildSettings = {
				ALWAYS_SEARCH_USER_PATHS = NO;
				ASSETCATALOG_COMPILER_GENERATE_SWIFT_ASSET_SYMBOL_EXTENSIONS = YES;
				CLANG_ANALYZER_NONNULL = YES;
				CLANG_ANALYZER_NUMBER_OBJECT_CONVERSION = YES_AGGRESSIVE;
				CLANG_CXX_LANGUAGE_STANDARD = "gnu++20";
				CLANG_ENABLE_MODULES = YES;
				CLANG_ENABLE_OBJC_ARC = YES;
				CLANG_ENABLE_OBJC_WEAK = YES;
				CLANG_WARN_BLOCK_CAPTURE_AUTORELEASING = YES;
				CLANG_WARN_BOOL_CONVERSION = YES;
				CLANG_WARN_COMMA = YES;
				CLANG_WARN_CONSTANT_CONVERSION = YES;
				CLANG_WARN_DEPRECATED_OBJC_IMPLEMENTATIONS = YES;
				CLANG_WARN_DIRECT_OBJC_ISA_USAGE = YES_ERROR;
				CLANG_WARN_DOCUMENTATION_COMMENTS = YES;
				CLANG_WARN_EMPTY_BODY = YES;
				CLANG_WARN_ENUM_CONVERSION = YES;
				CLANG_WARN_INFINITE_RECURSION = YES;
				CLANG_WARN_INT_CONVERSION = YES;
				CLANG_WARN_NON_LITERAL_NULL_CONVERSION = YES;
				CLANG_WARN_OBJC_IMPLICIT_RETAIN_SELF = YES;
				CLANG_WARN_OBJC_LITERAL_CONVERSION = YES;
				CLANG_WARN_OBJC_ROOT_CLASS = YES_ERROR;
				CLANG_WARN_QUOTED_INCLUDE_IN_FRAMEWORK_HEADER = YES;
				CLANG_WARN_RANGE_LOOP_ANALYSIS = YES;
				CLANG_WARN_STRICT_PROTOTYPES = YES;
				CLANG_WARN_SUSPICIOUS_MOVE = YES;
				CLANG_WARN_UNGUARDED_AVAILABILITY = YES_AGGRESSIVE;
				CLANG_WARN_UNREACHABLE_CODE = YES;
				CLANG_WARN__DUPLICATE_METHOD_MATCH = YES;
				COPY_PHASE_STRIP = NO;
				DEBUG_INFORMATION_FORMAT = "dwarf-with-dsym";
				ENABLE_NS_ASSERTIONS = NO;
				ENABLE_STRICT_OBJC_MSGSEND = YES;
				ENABLE_USER_SCRIPT_SANDBOXING = YES;
				GCC_C_LANGUAGE_STANDARD = gnu17;
				GCC_NO_COMMON_BLOCKS = YES;
				GCC_WARN_64_TO_32_BIT_CONVERSION = YES;
				GCC_WARN_ABOUT_RETURN_TYPE = YES_ERROR;
				GCC_WARN_UNDECLARED_SELECTOR = YES;
				GCC_WARN_UNINITIALIZED_AUTOS = YES_AGGRESSIVE;
				GCC_WARN_UNUSED_FUNCTION = YES;
				GCC_WARN_UNUSED_VARIABLE = YES;
				IPHONEOS_DEPLOYMENT_TARGET = 17.5;
				LOCALIZATION_PREFERS_STRING_CATALOGS = YES;
				MTL_ENABLE_DEBUG_INFO = NO;
				MTL_FAST_MATH = YES;
				SDKROOT = iphoneos;
				SWIFT_COMPILATION_MODE = wholemodule;
				VALIDATE_PRODUCT = YES;
			};
			name = Release;
		};
		780753D12C93869500C25231 /* Debug */ = {
			isa = XCBuildConfiguration;
			buildSettings = {
				ASSETCATALOG_COMPILER_APPICON_NAME = AppIcon;
				ASSETCATALOG_COMPILER_GLOBAL_ACCENT_COLOR_NAME = AccentColor;
				CLANG_ENABLE_MODULES = YES;
				CODE_SIGN_STYLE = Automatic;
				CURRENT_PROJECT_VERSION = 1;
				DEVELOPMENT_ASSET_PATHS = "\"ChemistryEquations/Preview Content\"";
				DEVELOPMENT_TEAM = 4QGR522B9M;
				ENABLE_PREVIEWS = YES;
				FRAMEWORK_SEARCH_PATHS = (
					"$(inherited)",
					"$(PROJECT_DIR)",
				);
				GENERATE_INFOPLIST_FILE = YES;
				INFOPLIST_KEY_UIApplicationSceneManifest_Generation = YES;
				INFOPLIST_KEY_UIApplicationSupportsIndirectInputEvents = YES;
				INFOPLIST_KEY_UILaunchScreen_Generation = YES;
				INFOPLIST_KEY_UISupportedInterfaceOrientations_iPad = "UIInterfaceOrientationPortrait UIInterfaceOrientationPortraitUpsideDown UIInterfaceOrientationLandscapeLeft UIInterfaceOrientationLandscapeRight";
				INFOPLIST_KEY_UISupportedInterfaceOrientations_iPhone = "UIInterfaceOrientationPortrait UIInterfaceOrientationLandscapeLeft UIInterfaceOrientationLandscapeRight";
				LD_RUNPATH_SEARCH_PATHS = (
					"$(inherited)",
					"@executable_path/Frameworks",
				);
				MARKETING_VERSION = 1.0;
				PRODUCT_BUNDLE_IDENTIFIER = rjs.app.dev.ChemistryEquations;
				PRODUCT_NAME = "$(TARGET_NAME)";
				SWIFT_EMIT_LOC_STRINGS = YES;
				SWIFT_OBJC_BRIDGING_HEADER = "ChemistryEquations-Bridging-Header.h";
				SWIFT_OBJC_INTEROP_MODE = objcxx;
				SWIFT_OPTIMIZATION_LEVEL = "-Onone";
				SWIFT_VERSION = 5.0;
				TARGETED_DEVICE_FAMILY = "1,2";
			};
			name = Debug;
		};
		780753D22C93869500C25231 /* Release */ = {
			isa = XCBuildConfiguration;
			buildSettings = {
				ASSETCATALOG_COMPILER_APPICON_NAME = AppIcon;
				ASSETCATALOG_COMPILER_GLOBAL_ACCENT_COLOR_NAME = AccentColor;
				CLANG_ENABLE_MODULES = YES;
				CODE_SIGN_STYLE = Automatic;
				CURRENT_PROJECT_VERSION = 1;
				DEVELOPMENT_ASSET_PATHS = "\"ChemistryEquations/Preview Content\"";
				DEVELOPMENT_TEAM = 4QGR522B9M;
				ENABLE_PREVIEWS = YES;
				FRAMEWORK_SEARCH_PATHS = (
					"$(inherited)",
					"$(PROJECT_DIR)",
				);
				GENERATE_INFOPLIST_FILE = YES;
				INFOPLIST_KEY_UIApplicationSceneManifest_Generation = YES;
				INFOPLIST_KEY_UIApplicationSupportsIndirectInputEvents = YES;
				INFOPLIST_KEY_UILaunchScreen_Generation = YES;
				INFOPLIST_KEY_UISupportedInterfaceOrientations_iPad = "UIInterfaceOrientationPortrait UIInterfaceOrientationPortraitUpsideDown UIInterfaceOrientationLandscapeLeft UIInterfaceOrientationLandscapeRight";
				INFOPLIST_KEY_UISupportedInterfaceOrientations_iPhone = "UIInterfaceOrientationPortrait UIInterfaceOrientationLandscapeLeft UIInterfaceOrientationLandscapeRight";
				LD_RUNPATH_SEARCH_PATHS = (
					"$(inherited)",
					"@executable_path/Frameworks",
				);
				MARKETING_VERSION = 1.0;
				PRODUCT_BUNDLE_IDENTIFIER = rjs.app.dev.ChemistryEquations;
				PRODUCT_NAME = "$(TARGET_NAME)";
				SWIFT_EMIT_LOC_STRINGS = YES;
				SWIFT_OBJC_BRIDGING_HEADER = "ChemistryEquations-Bridging-Header.h";
				SWIFT_OBJC_INTEROP_MODE = objcxx;
				SWIFT_VERSION = 5.0;
				TARGETED_DEVICE_FAMILY = "1,2";
			};
			name = Release;
		};
/* End XCBuildConfiguration section */

/* Begin XCConfigurationList section */
		780753BD2C93869400C25231 /* Build configuration list for PBXProject "ChemistryEquations" */ = {
			isa = XCConfigurationList;
			buildConfigurations = (
				780753CE2C93869500C25231 /* Debug */,
				780753CF2C93869500C25231 /* Release */,
			);
			defaultConfigurationIsVisible = 0;
			defaultConfigurationName = Release;
		};
		780753D02C93869500C25231 /* Build configuration list for PBXNativeTarget "ChemistryEquations" */ = {
			isa = XCConfigurationList;
			buildConfigurations = (
				780753D12C93869500C25231 /* Debug */,
				780753D22C93869500C25231 /* Release */,
			);
			defaultConfigurationIsVisible = 0;
			defaultConfigurationName = Release;
		};
/* End XCConfigurationList section */

/* Begin XCRemoteSwiftPackageReference section */
		780E2D042C9D148000B62B4E /* XCRemoteSwiftPackageReference "chemistry-equations-backbone-spm" */ = {
			isa = XCRemoteSwiftPackageReference;
			repositoryURL = "https://github.com/rsarv3006/chemistry-equations-backbone-spm";
			requirement = {
				branch = main;
				kind = branch;
			};
		};
		780E2D072C9F6F7100B62B4E /* XCRemoteSwiftPackageReference "LaTeXSwiftUI" */ = {
			isa = XCRemoteSwiftPackageReference;
			repositoryURL = "https://github.com/colinc86/LaTeXSwiftUI";
			requirement = {
				branch = main;
				kind = branch;
			};
		};
/* End XCRemoteSwiftPackageReference section */

/* Begin XCSwiftPackageProductDependency section */
		780E2D052C9D148000B62B4E /* ChemistryEquationsBackbone */ = {
			isa = XCSwiftPackageProductDependency;
			package = 780E2D042C9D148000B62B4E /* XCRemoteSwiftPackageReference "chemistry-equations-backbone-spm" */;
			productName = ChemistryEquationsBackbone;
		};
		780E2D082C9F6F7200B62B4E /* LaTeXSwiftUI */ = {
			isa = XCSwiftPackageProductDependency;
			package = 780E2D072C9F6F7100B62B4E /* XCRemoteSwiftPackageReference "LaTeXSwiftUI" */;
			productName = LaTeXSwiftUI;
		};
/* End XCSwiftPackageProductDependency section */
	};
	rootObject = 780753BA2C93869400C25231 /* Project object */;
}
